// !$*UTF8*$!
{
	archiveVersion = 1;
	classes = {
	};
	objectVersion = 50;
	objects = {

/* Begin PBXBuildFile section */
		023B84752519A8BC00A6D313 /* CompositeCollectionviewApp.swift in Sources */ = {isa = PBXBuildFile; fileRef = 023B84742519A8BC00A6D313 /* CompositeCollectionviewApp.swift */; };
		023B84772519A8BC00A6D313 /* ContentView.swift in Sources */ = {isa = PBXBuildFile; fileRef = 023B84762519A8BC00A6D313 /* ContentView.swift */; };
		023B84792519A8BD00A6D313 /* Assets.xcassets in Resources */ = {isa = PBXBuildFile; fileRef = 023B84782519A8BD00A6D313 /* Assets.xcassets */; };
		023B847C2519A8BD00A6D313 /* Preview Assets.xcassets in Resources */ = {isa = PBXBuildFile; fileRef = 023B847B2519A8BD00A6D313 /* Preview Assets.xcassets */; };
		023B84872519A8BE00A6D313 /* CompositeCollectionviewTests.swift in Sources */ = {isa = PBXBuildFile; fileRef = 023B84862519A8BE00A6D313 /* CompositeCollectionviewTests.swift */; };
		023B84922519A8BE00A6D313 /* CompositeCollectionviewUITests.swift in Sources */ = {isa = PBXBuildFile; fileRef = 023B84912519A8BE00A6D313 /* CompositeCollectionviewUITests.swift */; };
		023B84A32519A90C00A6D313 /* CompositeUICollectionView.swift in Sources */ = {isa = PBXBuildFile; fileRef = 023B84A22519A90C00A6D313 /* CompositeUICollectionView.swift */; };
/* End PBXBuildFile section */

/* Begin PBXContainerItemProxy section */
		023B84832519A8BE00A6D313 /* PBXContainerItemProxy */ = {
			isa = PBXContainerItemProxy;
			containerPortal = 023B84692519A8BC00A6D313 /* Project object */;
			proxyType = 1;
			remoteGlobalIDString = 023B84702519A8BC00A6D313;
			remoteInfo = CompositeCollectionview;
		};
		023B848E2519A8BE00A6D313 /* PBXContainerItemProxy */ = {
			isa = PBXContainerItemProxy;
			containerPortal = 023B84692519A8BC00A6D313 /* Project object */;
			proxyType = 1;
			remoteGlobalIDString = 023B84702519A8BC00A6D313;
			remoteInfo = CompositeCollectionview;
		};
/* End PBXContainerItemProxy section */

/* Begin PBXFileReference section */
		023B84712519A8BC00A6D313 /* CompositeCollectionview.app */ = {isa = PBXFileReference; explicitFileType = wrapper.application; includeInIndex = 0; path = CompositeCollectionview.app; sourceTree = BUILT_PRODUCTS_DIR; };
		023B84742519A8BC00A6D313 /* CompositeCollectionviewApp.swift */ = {isa = PBXFileReference; lastKnownFileType = sourcecode.swift; path = CompositeCollectionviewApp.swift; sourceTree = "<group>"; };
		023B84762519A8BC00A6D313 /* ContentView.swift */ = {isa = PBXFileReference; lastKnownFileType = sourcecode.swift; path = ContentView.swift; sourceTree = "<group>"; };
		023B84782519A8BD00A6D313 /* Assets.xcassets */ = {isa = PBXFileReference; lastKnownFileType = folder.assetcatalog; path = Assets.xcassets; sourceTree = "<group>"; };
		023B847B2519A8BD00A6D313 /* Preview Assets.xcassets */ = {isa = PBXFileReference; lastKnownFileType = folder.assetcatalog; path = "Preview Assets.xcassets"; sourceTree = "<group>"; };
		023B847D2519A8BD00A6D313 /* Info.plist */ = {isa = PBXFileReference; lastKnownFileType = text.plist.xml; path = Info.plist; sourceTree = "<group>"; };
		023B84822519A8BE00A6D313 /* CompositeCollectionviewTests.xctest */ = {isa = PBXFileReference; explicitFileType = wrapper.cfbundle; includeInIndex = 0; path = CompositeCollectionviewTests.xctest; sourceTree = BUILT_PRODUCTS_DIR; };
		023B84862519A8BE00A6D313 /* CompositeCollectionviewTests.swift */ = {isa = PBXFileReference; lastKnownFileType = sourcecode.swift; path = CompositeCollectionviewTests.swift; sourceTree = "<group>"; };
		023B84882519A8BE00A6D313 /* Info.plist */ = {isa = PBXFileReference; lastKnownFileType = text.plist.xml; path = Info.plist; sourceTree = "<group>"; };
		023B848D2519A8BE00A6D313 /* CompositeCollectionviewUITests.xctest */ = {isa = PBXFileReference; explicitFileType = wrapper.cfbundle; includeInIndex = 0; path = CompositeCollectionviewUITests.xctest; sourceTree = BUILT_PRODUCTS_DIR; };
		023B84912519A8BE00A6D313 /* CompositeCollectionviewUITests.swift */ = {isa = PBXFileReference; lastKnownFileType = sourcecode.swift; path = CompositeCollectionviewUITests.swift; sourceTree = "<group>"; };
		023B84932519A8BE00A6D313 /* Info.plist */ = {isa = PBXFileReference; lastKnownFileType = text.plist.xml; path = Info.plist; sourceTree = "<group>"; };
		023B84A22519A90C00A6D313 /* CompositeUICollectionView.swift */ = {isa = PBXFileReference; lastKnownFileType = sourcecode.swift; path = CompositeUICollectionView.swift; sourceTree = "<group>"; };
/* End PBXFileReference section */

/* Begin PBXFrameworksBuildPhase section */
		023B846E2519A8BC00A6D313 /* Frameworks */ = {
			isa = PBXFrameworksBuildPhase;
			buildActionMask = 2147483647;
			files = (
			);
			runOnlyForDeploymentPostprocessing = 0;
		};
		023B847F2519A8BE00A6D313 /* Frameworks */ = {
			isa = PBXFrameworksBuildPhase;
			buildActionMask = 2147483647;
			files = (
			);
			runOnlyForDeploymentPostprocessing = 0;
		};
		023B848A2519A8BE00A6D313 /* Frameworks */ = {
			isa = PBXFrameworksBuildPhase;
			buildActionMask = 2147483647;
			files = (
			);
			runOnlyForDeploymentPostprocessing = 0;
		};
/* End PBXFrameworksBuildPhase section */

/* Begin PBXGroup section */
		023B84682519A8BC00A6D313 = {
			isa = PBXGroup;
			children = (
				023B84732519A8BC00A6D313 /* CompositeCollectionview */,
				023B84852519A8BE00A6D313 /* CompositeCollectionviewTests */,
				023B84902519A8BE00A6D313 /* CompositeCollectionviewUITests */,
				023B84722519A8BC00A6D313 /* Products */,
			);
			sourceTree = "<group>";
		};
		023B84722519A8BC00A6D313 /* Products */ = {
			isa = PBXGroup;
			children = (
				023B84712519A8BC00A6D313 /* CompositeCollectionview.app */,
				023B84822519A8BE00A6D313 /* CompositeCollectionviewTests.xctest */,
				023B848D2519A8BE00A6D313 /* CompositeCollectionviewUITests.xctest */,
			);
			name = Products;
			sourceTree = "<group>";
		};
		023B84732519A8BC00A6D313 /* CompositeCollectionview */ = {
			isa = PBXGroup;
			children = (
				023B84742519A8BC00A6D313 /* CompositeCollectionviewApp.swift */,
				023B84762519A8BC00A6D313 /* ContentView.swift */,
				023B84782519A8BD00A6D313 /* Assets.xcassets */,
				023B847D2519A8BD00A6D313 /* Info.plist */,
				023B84A72519A91800A6D313 /* CompositeUICollectionView */,
				023B847A2519A8BD00A6D313 /* Preview Content */,
			);
			path = CompositeCollectionview;
			sourceTree = "<group>";
		};
		023B847A2519A8BD00A6D313 /* Preview Content */ = {
			isa = PBXGroup;
			children = (
				023B847B2519A8BD00A6D313 /* Preview Assets.xcassets */,
			);
			path = "Preview Content";
			sourceTree = "<group>";
		};
		023B84852519A8BE00A6D313 /* CompositeCollectionviewTests */ = {
			isa = PBXGroup;
			children = (
				023B84862519A8BE00A6D313 /* CompositeCollectionviewTests.swift */,
				023B84882519A8BE00A6D313 /* Info.plist */,
			);
			path = CompositeCollectionviewTests;
			sourceTree = "<group>";
		};
		023B84902519A8BE00A6D313 /* CompositeCollectionviewUITests */ = {
			isa = PBXGroup;
			children = (
				023B84912519A8BE00A6D313 /* CompositeCollectionviewUITests.swift */,
				023B84932519A8BE00A6D313 /* Info.plist */,
			);
			path = CompositeCollectionviewUITests;
			sourceTree = "<group>";
		};
		023B84A72519A91800A6D313 /* CompositeUICollectionView */ = {
			isa = PBXGroup;
			children = (
				023B84A22519A90C00A6D313 /* CompositeUICollectionView.swift */,
			);
			path = CompositeUICollectionView;
			sourceTree = "<group>";
		};
/* End PBXGroup section */

/* Begin PBXNativeTarget section */
		023B84702519A8BC00A6D313 /* CompositeCollectionview */ = {
			isa = PBXNativeTarget;
			buildConfigurationList = 023B84962519A8BE00A6D313 /* Build configuration list for PBXNativeTarget "CompositeCollectionview" */;
			buildPhases = (
				023B846D2519A8BC00A6D313 /* Sources */,
				023B846E2519A8BC00A6D313 /* Frameworks */,
				023B846F2519A8BC00A6D313 /* Resources */,
			);
			buildRules = (
			);
			dependencies = (
			);
			name = CompositeCollectionview;
			productName = CompositeCollectionview;
			productReference = 023B84712519A8BC00A6D313 /* CompositeCollectionview.app */;
			productType = "com.apple.product-type.application";
		};
		023B84812519A8BE00A6D313 /* CompositeCollectionviewTests */ = {
			isa = PBXNativeTarget;
			buildConfigurationList = 023B84992519A8BE00A6D313 /* Build configuration list for PBXNativeTarget "CompositeCollectionviewTests" */;
			buildPhases = (
				023B847E2519A8BE00A6D313 /* Sources */,
				023B847F2519A8BE00A6D313 /* Frameworks */,
				023B84802519A8BE00A6D313 /* Resources */,
			);
			buildRules = (
			);
			dependencies = (
				023B84842519A8BE00A6D313 /* PBXTargetDependency */,
			);
			name = CompositeCollectionviewTests;
			productName = CompositeCollectionviewTests;
			productReference = 023B84822519A8BE00A6D313 /* CompositeCollectionviewTests.xctest */;
			productType = "com.apple.product-type.bundle.unit-test";
		};
		023B848C2519A8BE00A6D313 /* CompositeCollectionviewUITests */ = {
			isa = PBXNativeTarget;
			buildConfigurationList = 023B849C2519A8BE00A6D313 /* Build configuration list for PBXNativeTarget "CompositeCollectionviewUITests" */;
			buildPhases = (
				023B84892519A8BE00A6D313 /* Sources */,
				023B848A2519A8BE00A6D313 /* Frameworks */,
				023B848B2519A8BE00A6D313 /* Resources */,
			);
			buildRules = (
			);
			dependencies = (
				023B848F2519A8BE00A6D313 /* PBXTargetDependency */,
			);
			name = CompositeCollectionviewUITests;
			productName = CompositeCollectionviewUITests;
			productReference = 023B848D2519A8BE00A6D313 /* CompositeCollectionviewUITests.xctest */;
			productType = "com.apple.product-type.bundle.ui-testing";
		};
/* End PBXNativeTarget section */

/* Begin PBXProject section */
		023B84692519A8BC00A6D313 /* Project object */ = {
			isa = PBXProject;
			attributes = {
				LastSwiftUpdateCheck = 1200;
				LastUpgradeCheck = 1200;
				TargetAttributes = {
					023B84702519A8BC00A6D313 = {
						CreatedOnToolsVersion = 12.0;
					};
					023B84812519A8BE00A6D313 = {
						CreatedOnToolsVersion = 12.0;
						TestTargetID = 023B84702519A8BC00A6D313;
					};
					023B848C2519A8BE00A6D313 = {
						CreatedOnToolsVersion = 12.0;
						TestTargetID = 023B84702519A8BC00A6D313;
					};
				};
			};
			buildConfigurationList = 023B846C2519A8BC00A6D313 /* Build configuration list for PBXProject "CompositeCollectionview" */;
			compatibilityVersion = "Xcode 9.3";
			developmentRegion = en;
			hasScannedForEncodings = 0;
			knownRegions = (
				en,
				Base,
			);
			mainGroup = 023B84682519A8BC00A6D313;
			productRefGroup = 023B84722519A8BC00A6D313 /* Products */;
			projectDirPath = "";
			projectRoot = "";
			targets = (
				023B84702519A8BC00A6D313 /* CompositeCollectionview */,
				023B84812519A8BE00A6D313 /* CompositeCollectionviewTests */,
				023B848C2519A8BE00A6D313 /* CompositeCollectionviewUITests */,
			);
		};
/* End PBXProject section */

/* Begin PBXResourcesBuildPhase section */
		023B846F2519A8BC00A6D313 /* Resources */ = {
			isa = PBXResourcesBuildPhase;
			buildActionMask = 2147483647;
			files = (
				023B847C2519A8BD00A6D313 /* Preview Assets.xcassets in Resources */,
				023B84792519A8BD00A6D313 /* Assets.xcassets in Resources */,
			);
			runOnlyForDeploymentPostprocessing = 0;
		};
		023B84802519A8BE00A6D313 /* Resources */ = {
			isa = PBXResourcesBuildPhase;
			buildActionMask = 2147483647;
			files = (
			);
			runOnlyForDeploymentPostprocessing = 0;
		};
		023B848B2519A8BE00A6D313 /* Resources */ = {
			isa = PBXResourcesBuildPhase;
			buildActionMask = 2147483647;
			files = (
			);
			runOnlyForDeploymentPostprocessing = 0;
		};
/* End PBXResourcesBuildPhase section */

/* Begin PBXSourcesBuildPhase section */
		023B846D2519A8BC00A6D313 /* Sources */ = {
			isa = PBXSourcesBuildPhase;
			buildActionMask = 2147483647;
			files = (
				023B84A32519A90C00A6D313 /* CompositeUICollectionView.swift in Sources */,
				023B84772519A8BC00A6D313 /* ContentView.swift in Sources */,
				023B84752519A8BC00A6D313 /* CompositeCollectionviewApp.swift in Sources */,
			);
			runOnlyForDeploymentPostprocessing = 0;
		};
		023B847E2519A8BE00A6D313 /* Sources */ = {
			isa = PBXSourcesBuildPhase;
			buildActionMask = 2147483647;
			files = (
				023B84872519A8BE00A6D313 /* CompositeCollectionviewTests.swift in Sources */,
			);
			runOnlyForDeploymentPostprocessing = 0;
		};
		023B84892519A8BE00A6D313 /* Sources */ = {
			isa = PBXSourcesBuildPhase;
			buildActionMask = 2147483647;
			files = (
				023B84922519A8BE00A6D313 /* CompositeCollectionviewUITests.swift in Sources */,
			);
			runOnlyForDeploymentPostprocessing = 0;
		};
/* End PBXSourcesBuildPhase section */

/* Begin PBXTargetDependency section */
		023B84842519A8BE00A6D313 /* PBXTargetDependency */ = {
			isa = PBXTargetDependency;
			target = 023B84702519A8BC00A6D313 /* CompositeCollectionview */;
			targetProxy = 023B84832519A8BE00A6D313 /* PBXContainerItemProxy */;
		};
		023B848F2519A8BE00A6D313 /* PBXTargetDependency */ = {
			isa = PBXTargetDependency;
			target = 023B84702519A8BC00A6D313 /* CompositeCollectionview */;
			targetProxy = 023B848E2519A8BE00A6D313 /* PBXContainerItemProxy */;
		};
/* End PBXTargetDependency section */

/* Begin XCBuildConfiguration section */
		023B84942519A8BE00A6D313 /* Debug */ = {
			isa = XCBuildConfiguration;
			buildSettings = {
				ALWAYS_SEARCH_USER_PATHS = NO;
				CLANG_ANALYZER_NONNULL = YES;
				CLANG_ANALYZER_NUMBER_OBJECT_CONVERSION = YES_AGGRESSIVE;
				CLANG_CXX_LANGUAGE_STANDARD = "gnu++14";
				CLANG_CXX_LIBRARY = "libc++";
				CLANG_ENABLE_MODULES = YES;
				CLANG_ENABLE_OBJC_ARC = YES;
				CLANG_ENABLE_OBJC_WEAK = YES;
				CLANG_WARN_BLOCK_CAPTURE_AUTORELEASING = YES;
				CLANG_WARN_BOOL_CONVERSION = YES;
				CLANG_WARN_COMMA = YES;
				CLANG_WARN_CONSTANT_CONVERSION = YES;
				CLANG_WARN_DEPRECATED_OBJC_IMPLEMENTATIONS = YES;
				CLANG_WARN_DIRECT_OBJC_ISA_USAGE = YES_ERROR;
				CLANG_WARN_DOCUMENTATION_COMMENTS = YES;
				CLANG_WARN_EMPTY_BODY = YES;
				CLANG_WARN_ENUM_CONVERSION = YES;
				CLANG_WARN_INFINITE_RECURSION = YES;
				CLANG_WARN_INT_CONVERSION = YES;
				CLANG_WARN_NON_LITERAL_NULL_CONVERSION = YES;
				CLANG_WARN_OBJC_IMPLICIT_RETAIN_SELF = YES;
				CLANG_WARN_OBJC_LITERAL_CONVERSION = YES;
				CLANG_WARN_OBJC_ROOT_CLASS = YES_ERROR;
				CLANG_WARN_QUOTED_INCLUDE_IN_FRAMEWORK_HEADER = YES;
				CLANG_WARN_RANGE_LOOP_ANALYSIS = YES;
				CLANG_WARN_STRICT_PROTOTYPES = YES;
				CLANG_WARN_SUSPICIOUS_MOVE = YES;
				CLANG_WARN_UNGUARDED_AVAILABILITY = YES_AGGRESSIVE;
				CLANG_WARN_UNREACHABLE_CODE = YES;
				CLANG_WARN__DUPLICATE_METHOD_MATCH = YES;
				COPY_PHASE_STRIP = NO;
				DEBUG_INFORMATION_FORMAT = dwarf;
				ENABLE_STRICT_OBJC_MSGSEND = YES;
				ENABLE_TESTABILITY = YES;
				GCC_C_LANGUAGE_STANDARD = gnu11;
				GCC_DYNAMIC_NO_PIC = NO;
				GCC_NO_COMMON_BLOCKS = YES;
				GCC_OPTIMIZATION_LEVEL = 0;
				GCC_PREPROCESSOR_DEFINITIONS = (
					"DEBUG=1",
					"$(inherited)",
				);
				GCC_WARN_64_TO_32_BIT_CONVERSION = YES;
				GCC_WARN_ABOUT_RETURN_TYPE = YES_ERROR;
				GCC_WARN_UNDECLARED_SELECTOR = YES;
				GCC_WARN_UNINITIALIZED_AUTOS = YES_AGGRESSIVE;
				GCC_WARN_UNUSED_FUNCTION = YES;
				GCC_WARN_UNUSED_VARIABLE = YES;
				IPHONEOS_DEPLOYMENT_TARGET = 14.0;
				MTL_ENABLE_DEBUG_INFO = INCLUDE_SOURCE;
				MTL_FAST_MATH = YES;
				ONLY_ACTIVE_ARCH = YES;
				SDKROOT = iphoneos;
				SWIFT_ACTIVE_COMPILATION_CONDITIONS = DEBUG;
				SWIFT_OPTIMIZATION_LEVEL = "-Onone";
			};
			name = Debug;
		};
		023B84952519A8BE00A6D313 /* Release */ = {
			isa = XCBuildConfiguration;
			buildSettings = {
				ALWAYS_SEARCH_USER_PATHS = NO;
				CLANG_ANALYZER_NONNULL = YES;
				CLANG_ANALYZER_NUMBER_OBJECT_CONVERSION = YES_AGGRESSIVE;
				CLANG_CXX_LANGUAGE_STANDARD = "gnu++14";
				CLANG_CXX_LIBRARY = "libc++";
				CLANG_ENABLE_MODULES = YES;
				CLANG_ENABLE_OBJC_ARC = YES;
				CLANG_ENABLE_OBJC_WEAK = YES;
				CLANG_WARN_BLOCK_CAPTURE_AUTORELEASING = YES;
				CLANG_WARN_BOOL_CONVERSION = YES;
				CLANG_WARN_COMMA = YES;
				CLANG_WARN_CONSTANT_CONVERSION = YES;
				CLANG_WARN_DEPRECATED_OBJC_IMPLEMENTATIONS = YES;
				CLANG_WARN_DIRECT_OBJC_ISA_USAGE = YES_ERROR;
				CLANG_WARN_DOCUMENTATION_COMMENTS = YES;
				CLANG_WARN_EMPTY_BODY = YES;
				CLANG_WARN_ENUM_CONVERSION = YES;
				CLANG_WARN_INFINITE_RECURSION = YES;
				CLANG_WARN_INT_CONVERSION = YES;
				CLANG_WARN_NON_LITERAL_NULL_CONVERSION = YES;
				CLANG_WARN_OBJC_IMPLICIT_RETAIN_SELF = YES;
				CLANG_WARN_OBJC_LITERAL_CONVERSION = YES;
				CLANG_WARN_OBJC_ROOT_CLASS = YES_ERROR;
				CLANG_WARN_QUOTED_INCLUDE_IN_FRAMEWORK_HEADER = YES;
				CLANG_WARN_RANGE_LOOP_ANALYSIS = YES;
				CLANG_WARN_STRICT_PROTOTYPES = YES;
				CLANG_WARN_SUSPICIOUS_MOVE = YES;
				CLANG_WARN_UNGUARDED_AVAILABILITY = YES_AGGRESSIVE;
				CLANG_WARN_UNREACHABLE_CODE = YES;
				CLANG_WARN__DUPLICATE_METHOD_MATCH = YES;
				COPY_PHASE_STRIP = NO;
				DEBUG_INFORMATION_FORMAT = "dwarf-with-dsym";
				ENABLE_NS_ASSERTIONS = NO;
				ENABLE_STRICT_OBJC_MSGSEND = YES;
				GCC_C_LANGUAGE_STANDARD = gnu11;
				GCC_NO_COMMON_BLOCKS = YES;
				GCC_WARN_64_TO_32_BIT_CONVERSION = YES;
				GCC_WARN_ABOUT_RETURN_TYPE = YES_ERROR;
				GCC_WARN_UNDECLARED_SELECTOR = YES;
				GCC_WARN_UNINITIALIZED_AUTOS = YES_AGGRESSIVE;
				GCC_WARN_UNUSED_FUNCTION = YES;
				GCC_WARN_UNUSED_VARIABLE = YES;
				IPHONEOS_DEPLOYMENT_TARGET = 14.0;
				MTL_ENABLE_DEBUG_INFO = NO;
				MTL_FAST_MATH = YES;
				SDKROOT = iphoneos;
				SWIFT_COMPILATION_MODE = wholemodule;
				SWIFT_OPTIMIZATION_LEVEL = "-O";
				VALIDATE_PRODUCT = YES;
			};
			name = Release;
		};
		023B84972519A8BE00A6D313 /* Debug */ = {
			isa = XCBuildConfiguration;
			buildSettings = {
				ASSETCATALOG_COMPILER_APPICON_NAME = AppIcon;
				ASSETCATALOG_COMPILER_GLOBAL_ACCENT_COLOR_NAME = AccentColor;
				CODE_SIGN_STYLE = Automatic;
				DEVELOPMENT_ASSET_PATHS = "\"CompositeCollectionview/Preview Content\"";
				DEVELOPMENT_TEAM = 6Y9F62XV9B;
				ENABLE_PREVIEWS = YES;
				INFOPLIST_FILE = CompositeCollectionview/Info.plist;
				IPHONEOS_DEPLOYMENT_TARGET = 14.0;
				LD_RUNPATH_SEARCH_PATHS = (
					"$(inherited)",
					"@executable_path/Frameworks",
				);
				PRODUCT_BUNDLE_IDENTIFIER = minsoo.CompositeCollectionview;
				PRODUCT_NAME = "$(TARGET_NAME)";
				SWIFT_VERSION = 5.0;
				TARGETED_DEVICE_FAMILY = "1,2";
			};
			name = Debug;
		};
		023B84982519A8BE00A6D313 /* Release */ = {
			isa = XCBuildConfiguration;
			buildSettings = {
				ASSETCATALOG_COMPILER_APPICON_NAME = AppIcon;
				ASSETCATALOG_COMPILER_GLOBAL_ACCENT_COLOR_NAME = AccentColor;
				CODE_SIGN_STYLE = Automatic;
				DEVELOPMENT_ASSET_PATHS = "\"CompositeCollectionview/Preview Content\"";
				DEVELOPMENT_TEAM = 6Y9F62XV9B;
				ENABLE_PREVIEWS = YES;
				INFOPLIST_FILE = CompositeCollectionview/Info.plist;
				IPHONEOS_DEPLOYMENT_TARGET = 14.0;
				LD_RUNPATH_SEARCH_PATHS = (
					"$(inherited)",
					"@executable_path/Frameworks",
				);
				PRODUCT_BUNDLE_IDENTIFIER = minsoo.CompositeCollectionview;
				PRODUCT_NAME = "$(TARGET_NAME)";
				SWIFT_VERSION = 5.0;
				TARGETED_DEVICE_FAMILY = "1,2";
			};
			name = Release;
		};
		023B849A2519A8BE00A6D313 /* Debug */ = {
			isa = XCBuildConfiguration;
			buildSettings = {
				ALWAYS_EMBED_SWIFT_STANDARD_LIBRARIES = YES;
				BUNDLE_LOADER = "$(TEST_HOST)";
				CODE_SIGN_STYLE = Automatic;
				DEVELOPMENT_TEAM = 6Y9F62XV9B;
				INFOPLIST_FILE = CompositeCollectionviewTests/Info.plist;
				IPHONEOS_DEPLOYMENT_TARGET = 14.0;
				LD_RUNPATH_SEARCH_PATHS = (
					"$(inherited)",
					"@executable_path/Frameworks",
					"@loader_path/Frameworks",
				);
				PRODUCT_BUNDLE_IDENTIFIER = minsoo.CompositeCollectionviewTests;
				PRODUCT_NAME = "$(TARGET_NAME)";
				SWIFT_VERSION = 5.0;
				TARGETED_DEVICE_FAMILY = "1,2";
				TEST_HOST = "$(BUILT_PRODUCTS_DIR)/CompositeCollectionview.app/CompositeCollectionview";
			};
			name = Debug;
		};
		023B849B2519A8BE00A6D313 /* Release */ = {
			isa = XCBuildConfiguration;
			buildSettings = {
				ALWAYS_EMBED_SWIFT_STANDARD_LIBRARIES = YES;
				BUNDLE_LOADER = "$(TEST_HOST)";
				CODE_SIGN_STYLE = Automatic;
				DEVELOPMENT_TEAM = 6Y9F62XV9B;
				INFOPLIST_FILE = CompositeCollectionviewTests/Info.plist;
				IPHONEOS_DEPLOYMENT_TARGET = 14.0;
				LD_RUNPATH_SEARCH_PATHS = (
					"$(inherited)",
					"@executable_path/Frameworks",
					"@loader_path/Frameworks",
				);
				PRODUCT_BUNDLE_IDENTIFIER = minsoo.CompositeCollectionviewTests;
				PRODUCT_NAME = "$(TARGET_NAME)";
				SWIFT_VERSION = 5.0;
				TARGETED_DEVICE_FAMILY = "1,2";
				TEST_HOST = "$(BUILT_PRODUCTS_DIR)/CompositeCollectionview.app/CompositeCollectionview";
			};
			name = Release;
		};
		023B849D2519A8BE00A6D313 /* Debug */ = {
			isa = XCBuildConfiguration;
			buildSettings = {
				ALWAYS_EMBED_SWIFT_STANDARD_LIBRARIES = YES;
				CODE_SIGN_STYLE = Automatic;
				DEVELOPMENT_TEAM = 6Y9F62XV9B;
				INFOPLIST_FILE = CompositeCollectionviewUITests/Info.plist;
				LD_RUNPATH_SEARCH_PATHS = (
					"$(inherited)",
					"@executable_path/Frameworks",
					"@loader_path/Frameworks",
				);
				PRODUCT_BUNDLE_IDENTIFIER = minsoo.CompositeCollectionviewUITests;
				PRODUCT_NAME = "$(TARGET_NAME)";
				SWIFT_VERSION = 5.0;
				TARGETED_DEVICE_FAMILY = "1,2";
				TEST_TARGET_NAME = CompositeCollectionview;
			};
			name = Debug;
		};
		023B849E2519A8BE00A6D313 /* Release */ = {
			isa = XCBuildConfiguration;
			buildSettings = {
				ALWAYS_EMBED_SWIFT_STANDARD_LIBRARIES = YES;
				CODE_SIGN_STYLE = Automatic;
				DEVELOPMENT_TEAM = 6Y9F62XV9B;
				INFOPLIST_FILE = CompositeCollectionviewUITests/Info.plist;
				LD_RUNPATH_SEARCH_PATHS = (
					"$(inherited)",
					"@executable_path/Frameworks",
					"@loader_path/Frameworks",
				);
				PRODUCT_BUNDLE_IDENTIFIER = minsoo.CompositeCollectionviewUITests;
				PRODUCT_NAME = "$(TARGET_NAME)";
				SWIFT_VERSION = 5.0;
				TARGETED_DEVICE_FAMILY = "1,2";
				TEST_TARGET_NAME = CompositeCollectionview;
			};
			name = Release;
		};
/* End XCBuildConfiguration section */

/* Begin XCConfigurationList section */
		023B846C2519A8BC00A6D313 /* Build configuration list for PBXProject "CompositeCollectionview" */ = {
			isa = XCConfigurationList;
			buildConfigurations = (
				023B84942519A8BE00A6D313 /* Debug */,
				023B84952519A8BE00A6D313 /* Release */,
			);
			defaultConfigurationIsVisible = 0;
			defaultConfigurationName = Release;
		};
		023B84962519A8BE00A6D313 /* Build configuration list for PBXNativeTarget "CompositeCollectionview" */ = {
			isa = XCConfigurationList;
			buildConfigurations = (
				023B84972519A8BE00A6D313 /* Debug */,
				023B84982519A8BE00A6D313 /* Release */,
			);
			defaultConfigurationIsVisible = 0;
			defaultConfigurationName = Release;
		};
		023B84992519A8BE00A6D313 /* Build configuration list for PBXNativeTarget "CompositeCollectionviewTests" */ = {
			isa = XCConfigurationList;
			buildConfigurations = (
				023B849A2519A8BE00A6D313 /* Debug */,
				023B849B2519A8BE00A6D313 /* Release */,
			);
			defaultConfigurationIsVisible = 0;
			defaultConfigurationName = Release;
		};
		023B849C2519A8BE00A6D313 /* Build configuration list for PBXNativeTarget "CompositeCollectionviewUITests" */ = {
			isa = XCConfigurationList;
			buildConfigurations = (
				023B849D2519A8BE00A6D313 /* Debug */,
				023B849E2519A8BE00A6D313 /* Release */,
			);
			defaultConfigurationIsVisible = 0;
			defaultConfigurationName = Release;
		};
/* End XCConfigurationList section */
	};
	rootObject = 023B84692519A8BC00A6D313 /* Project object */;
}
